
Microsoft Visual Studio Solution File, Format Version 12.00
# Visual Studio Version 16
VisualStudioVersion = 16.0.29613.14
MinimumVisualStudioVersion = 10.0.40219.1
Project("{FAE04EC0-301F-11D3-BF4B-00C04F79EFBC}") = "Eccezioni", "Eccezioni\Eccezioni.csproj", "{02D6E375-DCD7-4A8C-8CC3-B907F9C613AA}"
EndProject
Global
	GlobalSection(SolutionConfigurationPlatforms) = preSolution
		Debug|Any CPU = Debug|Any CPU
		Release|Any CPU = Release|Any CPU
	EndGlobalSection
	GlobalSection(ProjectConfigurationPlatforms) = postSolution
		{02D6E375-DCD7-4A8C-8CC3-B907F9C613AA}.Debug|Any CPU.ActiveCfg = Debug|Any CPU
		{02D6E375-DCD7-4A8C-8CC3-B907F9C613AA}.Debug|Any CPU.Build.0 = Debug|Any CPU
		{02D6E375-DCD7-4A8C-8CC3-B907F9C613AA}.Release|Any CPU.ActiveCfg = Release|Any CPU
		{02D6E375-DCD7-4A8C-8CC3-B907F9C613AA}.Release|Any CPU.Build.0 = Release|Any CPU
	EndGlobalSection
	GlobalSection(SolutionProperties) = preSolution
		HideSolutionNode = FALSE
	EndGlobalSection
	GlobalSection(ExtensibilityGlobals) = postSolution
		SolutionGuid = {6ECEBF82-42C7-4F24-8E60-B61F72936AFA}
	EndGlobalSection
EndGlobal
